
Microsoft Visual Studio Solution File, Format Version 12.00
# Visual Studio Version 16
VisualStudioVersion = 16.0.30717.126
MinimumVisualStudioVersion = 10.0.40219.1
Project("{9A19103F-16F7-4668-BE54-9A1E7A4F7556}") = "FileDetection", "FileDetection\FileDetection.csproj", "{D545F898-CFEA-40C8-A35B-FA502AECE26C}"
EndProject
Project("{9A19103F-16F7-4668-BE54-9A1E7A4F7556}") = "FileDetection(Tests)", "FileDetection(Tests)\FileDetection(Tests).csproj", "{D7BC29D6-35D5-456A-B101-CEF61E391B08}"
EndProject
Project("{9A19103F-16F7-4668-BE54-9A1E7A4F7556}") = "FileDetection.Data(Generator)", "FileDetection.Data(Generator)\FileDetection.Data(Generator).csproj", "{A47ECD98-A454-438C-B110-92F5A515EF2A}"
EndProject
Project("{9A19103F-16F7-4668-BE54-9A1E7A4F7556}") = "FileDetection.Data.Small", "FileDetection.Data.Small\FileDetection.Data.Small.csproj", "{7822ECCB-0E46-49A0-9086-0ECE5CABDC14}"
EndProject
Project("{9A19103F-16F7-4668-BE54-9A1E7A4F7556}") = "FileDetection.Data.Large", "FileDetection.Data.Large\FileDetection.Data.Large.csproj", "{328A73D1-A204-406E-ACBC-6809D9C7BB85}"
EndProject
Project("{2150E333-8FDC-42A3-9474-1A3956D46DE8}") = "Extensions", "Extensions", "{C9C39197-405F-40E1-86C2-10BBDEF58132}"
EndProject
Project("{2150E333-8FDC-42A3-9474-1A3956D46DE8}") = "Solution Items", "Solution Items", "{ED5ED47B-B980-434E-AC3E-1DCDD244C53D}"
	ProjectSection(SolutionItems) = preProject
		..\README.md = ..\README.md
	EndProjectSection
EndProject
Project("{FAE04EC0-301F-11D3-BF4B-00C04F79EFBC}") = "FileDetection.Data.Micro", "FileDetection.Data.Micro\FileDetection.Data.Micro.csproj", "{DB6151D8-812D-489A-8DF9-6F12A8D72DB8}"
EndProject
Global
	GlobalSection(SharedMSBuildProjectFiles) = preSolution
		__Shared\Shared.targets*{328a73d1-a204-406e-acbc-6809d9c7bb85}*SharedItemsImports = 5
		__Shared\Shared.targets*{7822eccb-0e46-49a0-9086-0ece5cabdc14}*SharedItemsImports = 5
		__Shared\Shared.targets*{d545f898-cfea-40c8-a35b-fa502aece26c}*SharedItemsImports = 5
		__Shared\Shared.targets*{db6151d8-812d-489a-8df9-6f12a8d72db8}*SharedItemsImports = 5
	EndGlobalSection
	GlobalSection(SolutionConfigurationPlatforms) = preSolution
		Debug|Any CPU = Debug|Any CPU
		Release|Any CPU = Release|Any CPU
	EndGlobalSection
	GlobalSection(ProjectConfigurationPlatforms) = postSolution
		{D545F898-CFEA-40C8-A35B-FA502AECE26C}.Debug|Any CPU.ActiveCfg = Debug|Any CPU
		{D545F898-CFEA-40C8-A35B-FA502AECE26C}.Debug|Any CPU.Build.0 = Debug|Any CPU
		{D545F898-CFEA-40C8-A35B-FA502AECE26C}.Release|Any CPU.ActiveCfg = Release|Any CPU
		{D545F898-CFEA-40C8-A35B-FA502AECE26C}.Release|Any CPU.Build.0 = Release|Any CPU
		{D7BC29D6-35D5-456A-B101-CEF61E391B08}.Debug|Any CPU.ActiveCfg = Debug|Any CPU
		{D7BC29D6-35D5-456A-B101-CEF61E391B08}.Debug|Any CPU.Build.0 = Debug|Any CPU
		{D7BC29D6-35D5-456A-B101-CEF61E391B08}.Release|Any CPU.ActiveCfg = Release|Any CPU
		{D7BC29D6-35D5-456A-B101-CEF61E391B08}.Release|Any CPU.Build.0 = Release|Any CPU
		{A47ECD98-A454-438C-B110-92F5A515EF2A}.Debug|Any CPU.ActiveCfg = Debug|Any CPU
		{A47ECD98-A454-438C-B110-92F5A515EF2A}.Debug|Any CPU.Build.0 = Debug|Any CPU
		{A47ECD98-A454-438C-B110-92F5A515EF2A}.Release|Any CPU.ActiveCfg = Release|Any CPU
		{A47ECD98-A454-438C-B110-92F5A515EF2A}.Release|Any CPU.Build.0 = Release|Any CPU
		{7822ECCB-0E46-49A0-9086-0ECE5CABDC14}.Debug|Any CPU.ActiveCfg = Debug|Any CPU
		{7822ECCB-0E46-49A0-9086-0ECE5CABDC14}.Debug|Any CPU.Build.0 = Debug|Any CPU
		{7822ECCB-0E46-49A0-9086-0ECE5CABDC14}.Release|Any CPU.ActiveCfg = Release|Any CPU
		{7822ECCB-0E46-49A0-9086-0ECE5CABDC14}.Release|Any CPU.Build.0 = Release|Any CPU
		{328A73D1-A204-406E-ACBC-6809D9C7BB85}.Debug|Any CPU.ActiveCfg = Debug|Any CPU
		{328A73D1-A204-406E-ACBC-6809D9C7BB85}.Debug|Any CPU.Build.0 = Debug|Any CPU
		{328A73D1-A204-406E-ACBC-6809D9C7BB85}.Release|Any CPU.ActiveCfg = Release|Any CPU
		{328A73D1-A204-406E-ACBC-6809D9C7BB85}.Release|Any CPU.Build.0 = Release|Any CPU
		{DB6151D8-812D-489A-8DF9-6F12A8D72DB8}.Debug|Any CPU.ActiveCfg = Debug|Any CPU
		{DB6151D8-812D-489A-8DF9-6F12A8D72DB8}.Debug|Any CPU.Build.0 = Debug|Any CPU
		{DB6151D8-812D-489A-8DF9-6F12A8D72DB8}.Release|Any CPU.ActiveCfg = Release|Any CPU
		{DB6151D8-812D-489A-8DF9-6F12A8D72DB8}.Release|Any CPU.Build.0 = Release|Any CPU
	EndGlobalSection
	GlobalSection(SolutionProperties) = preSolution
		HideSolutionNode = FALSE
	EndGlobalSection
	GlobalSection(ExtensibilityGlobals) = postSolution
		SolutionGuid = {86F67FD2-3EBD-45B2-A4BB-60F4AC2779C4}
	EndGlobalSection
EndGlobal
