
Microsoft Visual Studio Solution File, Format Version 12.00
# Visual Studio Version 17
VisualStudioVersion = 17.0.31717.71
MinimumVisualStudioVersion = 10.0.40219.1
Project("{2150E333-8FDC-42A3-9474-1A3956D46DE8}") = "Extensions", "Extensions", "{C9C39197-405F-40E1-86C2-10BBDEF58132}"
EndProject
Project("{2150E333-8FDC-42A3-9474-1A3956D46DE8}") = "Solution Items", "Solution Items", "{ED5ED47B-B980-434E-AC3E-1DCDD244C53D}"
	ProjectSection(SolutionItems) = preProject
		..\.editorconfig = ..\.editorconfig
		..\Build.ps1 = ..\Build.ps1
		Directory.Build.props = Directory.Build.props
		Directory.Packages.props = Directory.Packages.props
		..\LICENSE.txt = ..\LICENSE.txt
		NegativeOptimizations.md = NegativeOptimizations.md
		..\README.md = ..\README.md
	EndProjectSection
EndProject
Project("{9A19103F-16F7-4668-BE54-9A1E7A4F7556}") = "MimeDetective", "MimeDetective\MimeDetective.csproj", "{51483A4A-129F-4044-BCF5-DDF8C6FC5D3F}"
EndProject
Project("{9A19103F-16F7-4668-BE54-9A1E7A4F7556}") = "MimeDetective(Tests)", "MimeDetective(Tests)\MimeDetective(Tests).csproj", "{848CA710-A03A-4854-A505-561620EB16BB}"
EndProject
Project("{9A19103F-16F7-4668-BE54-9A1E7A4F7556}") = "MimeDetective.Definitions(Generator)", "MimeDetective.Definitions(Generator)\MimeDetective.Definitions(Generator).csproj", "{74B1E462-3221-4E8E-9229-159D38173514}"
EndProject
Project("{9A19103F-16F7-4668-BE54-9A1E7A4F7556}") = "MimeDetective.Definitions.Condensed", "MimeDetective.Definitions.Condensed\MimeDetective.Definitions.Condensed.csproj", "{8AC8EA20-8331-4D5F-B0AC-FBCC31088780}"
EndProject
Project("{9A19103F-16F7-4668-BE54-9A1E7A4F7556}") = "MimeDetective.Definitions.Exhaustive", "MimeDetective.Definitions.Exhaustive\MimeDetective.Definitions.Exhaustive.csproj", "{642C4115-00DC-4FAF-9E1A-993E87D81593}"
EndProject
Project("{778DAE3C-4631-46EA-AA77-85C1314464D9}") = "MimeDetective(Tests).Vb", "MimeDetective(Tests).Vb\MimeDetective(Tests).Vb.vbproj", "{43E99D1C-B71C-43D4-9F6F-26E96033CCDB}"
EndProject
Project("{9A19103F-16F7-4668-BE54-9A1E7A4F7556}") = "MimeDetective.Benchmark", "MimeDetective.Benchmark\MimeDetective.Benchmark.csproj", "{D9D56BBA-F75E-4EB5-8881-4DEFFAEE3586}"
EndProject
Project("{9A19103F-16F7-4668-BE54-9A1E7A4F7556}") = "MimeDetective.MemoryMapping", "MimeDetective.MemoryMapping\MimeDetective.MemoryMapping.csproj", "{47EAF697-0036-4760-8E0B-5C40F0A0961C}"
EndProject
Project("{FAE04EC0-301F-11D3-BF4B-00C04F79EFBC}") = "MimeDetective.MinimalApi.AOT", "Samples\MimeDetective.MinimalApi.AOT\MimeDetective.MinimalApi.AOT.csproj", "{12C7C0E5-AB54-4EFE-9314-A2C1E382B7A4}"
EndProject
Project("{2150E333-8FDC-42A3-9474-1A3956D46DE8}") = "Samples", "Samples", "{21E01D6E-2B19-4BCE-9B01-AA47B81C6D3B}"
EndProject
Project("{2150E333-8FDC-42A3-9474-1A3956D46DE8}") = "Tests", "Tests", "{79552086-C8E5-4910-8CAC-771B214C1BBE}"
EndProject
Project("{FAE04EC0-301F-11D3-BF4B-00C04F79EFBC}") = "MimeDetective.Console.AOT", "Samples\MimeDetective.Console.AOT\MimeDetective.Console.AOT.csproj", "{11E08726-D4F4-4114-BBD9-C059A83DEE59}"
EndProject
Global
	GlobalSection(SolutionConfigurationPlatforms) = preSolution
		Debug|Any CPU = Debug|Any CPU
		Release|Any CPU = Release|Any CPU
	EndGlobalSection
	GlobalSection(ProjectConfigurationPlatforms) = postSolution
		{51483A4A-129F-4044-BCF5-DDF8C6FC5D3F}.Debug|Any CPU.ActiveCfg = Debug|Any CPU
		{51483A4A-129F-4044-BCF5-DDF8C6FC5D3F}.Debug|Any CPU.Build.0 = Debug|Any CPU
		{51483A4A-129F-4044-BCF5-DDF8C6FC5D3F}.Release|Any CPU.ActiveCfg = Release|Any CPU
		{51483A4A-129F-4044-BCF5-DDF8C6FC5D3F}.Release|Any CPU.Build.0 = Release|Any CPU
		{848CA710-A03A-4854-A505-561620EB16BB}.Debug|Any CPU.ActiveCfg = Debug|Any CPU
		{848CA710-A03A-4854-A505-561620EB16BB}.Debug|Any CPU.Build.0 = Debug|Any CPU
		{848CA710-A03A-4854-A505-561620EB16BB}.Release|Any CPU.ActiveCfg = Release|Any CPU
		{848CA710-A03A-4854-A505-561620EB16BB}.Release|Any CPU.Build.0 = Release|Any CPU
		{74B1E462-3221-4E8E-9229-159D38173514}.Debug|Any CPU.ActiveCfg = Debug|Any CPU
		{74B1E462-3221-4E8E-9229-159D38173514}.Debug|Any CPU.Build.0 = Debug|Any CPU
		{74B1E462-3221-4E8E-9229-159D38173514}.Release|Any CPU.ActiveCfg = Release|Any CPU
		{74B1E462-3221-4E8E-9229-159D38173514}.Release|Any CPU.Build.0 = Release|Any CPU
		{8AC8EA20-8331-4D5F-B0AC-FBCC31088780}.Debug|Any CPU.ActiveCfg = Debug|Any CPU
		{8AC8EA20-8331-4D5F-B0AC-FBCC31088780}.Debug|Any CPU.Build.0 = Debug|Any CPU
		{8AC8EA20-8331-4D5F-B0AC-FBCC31088780}.Release|Any CPU.ActiveCfg = Release|Any CPU
		{8AC8EA20-8331-4D5F-B0AC-FBCC31088780}.Release|Any CPU.Build.0 = Release|Any CPU
		{642C4115-00DC-4FAF-9E1A-993E87D81593}.Debug|Any CPU.ActiveCfg = Debug|Any CPU
		{642C4115-00DC-4FAF-9E1A-993E87D81593}.Debug|Any CPU.Build.0 = Debug|Any CPU
		{642C4115-00DC-4FAF-9E1A-993E87D81593}.Release|Any CPU.ActiveCfg = Release|Any CPU
		{642C4115-00DC-4FAF-9E1A-993E87D81593}.Release|Any CPU.Build.0 = Release|Any CPU
		{43E99D1C-B71C-43D4-9F6F-26E96033CCDB}.Debug|Any CPU.ActiveCfg = Debug|Any CPU
		{43E99D1C-B71C-43D4-9F6F-26E96033CCDB}.Debug|Any CPU.Build.0 = Debug|Any CPU
		{43E99D1C-B71C-43D4-9F6F-26E96033CCDB}.Release|Any CPU.ActiveCfg = Release|Any CPU
		{43E99D1C-B71C-43D4-9F6F-26E96033CCDB}.Release|Any CPU.Build.0 = Release|Any CPU
		{D9D56BBA-F75E-4EB5-8881-4DEFFAEE3586}.Debug|Any CPU.ActiveCfg = Debug|Any CPU
		{D9D56BBA-F75E-4EB5-8881-4DEFFAEE3586}.Debug|Any CPU.Build.0 = Debug|Any CPU
		{D9D56BBA-F75E-4EB5-8881-4DEFFAEE3586}.Release|Any CPU.ActiveCfg = Release|Any CPU
		{D9D56BBA-F75E-4EB5-8881-4DEFFAEE3586}.Release|Any CPU.Build.0 = Release|Any CPU
		{47EAF697-0036-4760-8E0B-5C40F0A0961C}.Debug|Any CPU.ActiveCfg = Debug|Any CPU
		{47EAF697-0036-4760-8E0B-5C40F0A0961C}.Debug|Any CPU.Build.0 = Debug|Any CPU
		{47EAF697-0036-4760-8E0B-5C40F0A0961C}.Release|Any CPU.ActiveCfg = Release|Any CPU
		{47EAF697-0036-4760-8E0B-5C40F0A0961C}.Release|Any CPU.Build.0 = Release|Any CPU
		{12C7C0E5-AB54-4EFE-9314-A2C1E382B7A4}.Debug|Any CPU.ActiveCfg = Debug|Any CPU
		{12C7C0E5-AB54-4EFE-9314-A2C1E382B7A4}.Debug|Any CPU.Build.0 = Debug|Any CPU
		{12C7C0E5-AB54-4EFE-9314-A2C1E382B7A4}.Release|Any CPU.ActiveCfg = Release|Any CPU
		{12C7C0E5-AB54-4EFE-9314-A2C1E382B7A4}.Release|Any CPU.Build.0 = Release|Any CPU
		{11E08726-D4F4-4114-BBD9-C059A83DEE59}.Debug|Any CPU.ActiveCfg = Debug|Any CPU
		{11E08726-D4F4-4114-BBD9-C059A83DEE59}.Debug|Any CPU.Build.0 = Debug|Any CPU
		{11E08726-D4F4-4114-BBD9-C059A83DEE59}.Release|Any CPU.ActiveCfg = Release|Any CPU
		{11E08726-D4F4-4114-BBD9-C059A83DEE59}.Release|Any CPU.Build.0 = Release|Any CPU
	EndGlobalSection
	GlobalSection(SolutionProperties) = preSolution
		HideSolutionNode = FALSE
	EndGlobalSection
	GlobalSection(NestedProjects) = preSolution
		{848CA710-A03A-4854-A505-561620EB16BB} = {79552086-C8E5-4910-8CAC-771B214C1BBE}
		{43E99D1C-B71C-43D4-9F6F-26E96033CCDB} = {79552086-C8E5-4910-8CAC-771B214C1BBE}
		{47EAF697-0036-4760-8E0B-5C40F0A0961C} = {C9C39197-405F-40E1-86C2-10BBDEF58132}
		{12C7C0E5-AB54-4EFE-9314-A2C1E382B7A4} = {21E01D6E-2B19-4BCE-9B01-AA47B81C6D3B}
		{11E08726-D4F4-4114-BBD9-C059A83DEE59} = {21E01D6E-2B19-4BCE-9B01-AA47B81C6D3B}
	EndGlobalSection
	GlobalSection(ExtensibilityGlobals) = postSolution
		SolutionGuid = {86F67FD2-3EBD-45B2-A4BB-60F4AC2779C4}
	EndGlobalSection
EndGlobal
